
Microsoft Visual Studio Solution File, Format Version 12.00
# Visual Studio 15
VisualStudioVersion = 15.0.27130.2010
MinimumVisualStudioVersion = 10.0.40219.1
Project("{9A19103F-16F7-4668-BE54-9A1E7A4F7556}") = "BasicMvc", "BasicMvc\BasicMvc.csproj", "{5BFD0E4E-96B7-4B37-A97E-530818FE2880}"
EndProject
Project("{9A19103F-16F7-4668-BE54-9A1E7A4F7556}") = "AutherizationAuthentication", "AutherizationAuthentication\AutherizationAuthentication.csproj", "{6CB9E713-B23A-420F-A3D6-118019C3A94D}"
EndProject
Project("{9A19103F-16F7-4668-BE54-9A1E7A4F7556}") = "WebApiRest", "WebApiRest\WebApiRest.csproj", "{0D38DB74-3355-4231-B927-3990C20DE453}"
EndProject
Project("{E53339B2-1760-4266-BCC7-CA923CBCF16C}") = "docker-compose", "docker-compose.dcproj", "{362E4809-E19B-411A-8B6A-730D8D9A19D2}"
EndProject
Project("{9A19103F-16F7-4668-BE54-9A1E7A4F7556}") = "Middleware", "Middleware\Middleware.csproj", "{FA0BC88F-185A-49D7-9932-3EDE8AFD150E}"
EndProject
Project("{FAE04EC0-301F-11D3-BF4B-00C04F79EFBC}") = "MvcMusicStore", "..\MvcMusicStore\MvcMusicStore.csproj", "{675722BA-4498-48D4-B468-A08238CE9227}"
EndProject
Project("{FAE04EC0-301F-11D3-BF4B-00C04F79EFBC}") = "MusicStoreFramework", "MusicStoreFramework\MusicStoreFramework.csproj", "{019F4780-9A46-4C19-9671-27AA6C8899F7}"
EndProject
Project("{FAE04EC0-301F-11D3-BF4B-00C04F79EFBC}") = "MusicStoreFramework.Tests", "MusicStoreFramework.Tests\MusicStoreFramework.Tests.csproj", "{BDDCAF42-7CB0-40E1-B237-9AE5776499CF}"
EndProject
Global
	GlobalSection(SolutionConfigurationPlatforms) = preSolution
		Debug|Any CPU = Debug|Any CPU
		Release|Any CPU = Release|Any CPU
	EndGlobalSection
	GlobalSection(ProjectConfigurationPlatforms) = postSolution
		{5BFD0E4E-96B7-4B37-A97E-530818FE2880}.Debug|Any CPU.ActiveCfg = Debug|Any CPU
		{5BFD0E4E-96B7-4B37-A97E-530818FE2880}.Debug|Any CPU.Build.0 = Debug|Any CPU
		{5BFD0E4E-96B7-4B37-A97E-530818FE2880}.Release|Any CPU.ActiveCfg = Release|Any CPU
		{5BFD0E4E-96B7-4B37-A97E-530818FE2880}.Release|Any CPU.Build.0 = Release|Any CPU
		{6CB9E713-B23A-420F-A3D6-118019C3A94D}.Debug|Any CPU.ActiveCfg = Debug|Any CPU
		{6CB9E713-B23A-420F-A3D6-118019C3A94D}.Debug|Any CPU.Build.0 = Debug|Any CPU
		{6CB9E713-B23A-420F-A3D6-118019C3A94D}.Release|Any CPU.ActiveCfg = Release|Any CPU
		{6CB9E713-B23A-420F-A3D6-118019C3A94D}.Release|Any CPU.Build.0 = Release|Any CPU
		{0D38DB74-3355-4231-B927-3990C20DE453}.Debug|Any CPU.ActiveCfg = Debug|Any CPU
		{0D38DB74-3355-4231-B927-3990C20DE453}.Debug|Any CPU.Build.0 = Debug|Any CPU
		{0D38DB74-3355-4231-B927-3990C20DE453}.Release|Any CPU.ActiveCfg = Release|Any CPU
		{0D38DB74-3355-4231-B927-3990C20DE453}.Release|Any CPU.Build.0 = Release|Any CPU
		{362E4809-E19B-411A-8B6A-730D8D9A19D2}.Debug|Any CPU.ActiveCfg = Debug|Any CPU
		{362E4809-E19B-411A-8B6A-730D8D9A19D2}.Debug|Any CPU.Build.0 = Debug|Any CPU
		{362E4809-E19B-411A-8B6A-730D8D9A19D2}.Release|Any CPU.ActiveCfg = Release|Any CPU
		{362E4809-E19B-411A-8B6A-730D8D9A19D2}.Release|Any CPU.Build.0 = Release|Any CPU
		{FA0BC88F-185A-49D7-9932-3EDE8AFD150E}.Debug|Any CPU.ActiveCfg = Debug|Any CPU
		{FA0BC88F-185A-49D7-9932-3EDE8AFD150E}.Debug|Any CPU.Build.0 = Debug|Any CPU
		{FA0BC88F-185A-49D7-9932-3EDE8AFD150E}.Release|Any CPU.ActiveCfg = Release|Any CPU
		{FA0BC88F-185A-49D7-9932-3EDE8AFD150E}.Release|Any CPU.Build.0 = Release|Any CPU
		{675722BA-4498-48D4-B468-A08238CE9227}.Debug|Any CPU.ActiveCfg = Debug|Any CPU
		{675722BA-4498-48D4-B468-A08238CE9227}.Debug|Any CPU.Build.0 = Debug|Any CPU
		{675722BA-4498-48D4-B468-A08238CE9227}.Release|Any CPU.ActiveCfg = Release|Any CPU
		{675722BA-4498-48D4-B468-A08238CE9227}.Release|Any CPU.Build.0 = Release|Any CPU
		{019F4780-9A46-4C19-9671-27AA6C8899F7}.Debug|Any CPU.ActiveCfg = Debug|Any CPU
		{019F4780-9A46-4C19-9671-27AA6C8899F7}.Debug|Any CPU.Build.0 = Debug|Any CPU
		{019F4780-9A46-4C19-9671-27AA6C8899F7}.Release|Any CPU.ActiveCfg = Release|Any CPU
		{019F4780-9A46-4C19-9671-27AA6C8899F7}.Release|Any CPU.Build.0 = Release|Any CPU
		{BDDCAF42-7CB0-40E1-B237-9AE5776499CF}.Debug|Any CPU.ActiveCfg = Debug|Any CPU
		{BDDCAF42-7CB0-40E1-B237-9AE5776499CF}.Debug|Any CPU.Build.0 = Debug|Any CPU
		{BDDCAF42-7CB0-40E1-B237-9AE5776499CF}.Release|Any CPU.ActiveCfg = Release|Any CPU
		{BDDCAF42-7CB0-40E1-B237-9AE5776499CF}.Release|Any CPU.Build.0 = Release|Any CPU
	EndGlobalSection
	GlobalSection(SolutionProperties) = preSolution
		HideSolutionNode = FALSE
	EndGlobalSection
	GlobalSection(ExtensibilityGlobals) = postSolution
		SolutionGuid = {D8C79806-B287-429E-B97D-83B61AB0CB57}
	EndGlobalSection
EndGlobal
