
Microsoft Visual Studio Solution File, Format Version 12.00
# Visual Studio 15
VisualStudioVersion = 15.0.27130.2010
MinimumVisualStudioVersion = 10.0.40219.1
Project("{FAE04EC0-301F-11D3-BF4B-00C04F79EFBC}") = "WebApp.Mvc", "WebApp.Mvc\WebApp.Mvc.csproj", "{9A78A097-890F-4E0C-A398-E2B91F0DC434}"
EndProject
Global
	GlobalSection(SolutionConfigurationPlatforms) = preSolution
		Debug|Any CPU = Debug|Any CPU
		Release|Any CPU = Release|Any CPU
	EndGlobalSection
	GlobalSection(ProjectConfigurationPlatforms) = postSolution
		{9A78A097-890F-4E0C-A398-E2B91F0DC434}.Debug|Any CPU.ActiveCfg = Debug|Any CPU
		{9A78A097-890F-4E0C-A398-E2B91F0DC434}.Debug|Any CPU.Build.0 = Debug|Any CPU
		{9A78A097-890F-4E0C-A398-E2B91F0DC434}.Release|Any CPU.ActiveCfg = Release|Any CPU
		{9A78A097-890F-4E0C-A398-E2B91F0DC434}.Release|Any CPU.Build.0 = Release|Any CPU
	EndGlobalSection
	GlobalSection(SolutionProperties) = preSolution
		HideSolutionNode = FALSE
	EndGlobalSection
	GlobalSection(ExtensibilityGlobals) = postSolution
		SolutionGuid = {026DBFED-5916-4DC7-BF09-05C218A3CEE0}
	EndGlobalSection
EndGlobal
