
Microsoft Visual Studio Solution File, Format Version 12.00
# Visual Studio 15
VisualStudioVersion = 15.0.27130.2010
MinimumVisualStudioVersion = 10.0.40219.1
Project("{FAE04EC0-301F-11D3-BF4B-00C04F79EFBC}") = "AsycAwait", "AsycAwait\AsycAwait.csproj", "{403AA486-BF22-4A47-A775-FB11F496F21F}"
EndProject
Global
	GlobalSection(SolutionConfigurationPlatforms) = preSolution
		Debug|Any CPU = Debug|Any CPU
		Release|Any CPU = Release|Any CPU
	EndGlobalSection
	GlobalSection(ProjectConfigurationPlatforms) = postSolution
		{403AA486-BF22-4A47-A775-FB11F496F21F}.Debug|Any CPU.ActiveCfg = Debug|Any CPU
		{403AA486-BF22-4A47-A775-FB11F496F21F}.Debug|Any CPU.Build.0 = Debug|Any CPU
		{403AA486-BF22-4A47-A775-FB11F496F21F}.Release|Any CPU.ActiveCfg = Release|Any CPU
		{403AA486-BF22-4A47-A775-FB11F496F21F}.Release|Any CPU.Build.0 = Release|Any CPU
	EndGlobalSection
	GlobalSection(SolutionProperties) = preSolution
		HideSolutionNode = FALSE
	EndGlobalSection
	GlobalSection(ExtensibilityGlobals) = postSolution
		SolutionGuid = {319B1A77-CBC5-43E0-8291-EFEE15C4AF70}
	EndGlobalSection
EndGlobal
