Microsoft Visual Studio Solution File, Format Version 12.00
# Visual Studio 15
VisualStudioVersion = 15.0.27130.2010
MinimumVisualStudioVersion = 10.0.40219.1
Project("{9A19103F-16F7-4668-BE54-9A1E7A4F7556}") = "PizzaStore.Library", "PizzaStore.Library\PizzaStore.Library.csproj", "{F76EDD43-FD8E-433C-95DF-5EFCA4DFA9C3}"
EndProject
Project("{9A19103F-16F7-4668-BE54-9A1E7A4F7556}") = "PizzaStore.Tests", "PizzaStore.Tests\PizzaStore.Tests.csproj", "{33CDB735-D100-464E-8A9A-FE16FE44E8AF}"
EndProject
Project("{9A19103F-16F7-4668-BE54-9A1E7A4F7556}") = "PizzaStore.Client", "PizzaStore.Client\PizzaStore.Client.csproj", "{EDC4170D-E8EA-4F1A-834C-1D572CE0AF15}"
EndProject
Project("{FAE04EC0-301F-11D3-BF4B-00C04F79EFBC}") = "PizzaStore.Data", "PizzaStore.Data\PizzaStore.Data.csproj", "{0B6A7D62-EC10-4D31-995E-BEC99BD3EDAB}"
EndProject
Global
	GlobalSection(SolutionConfigurationPlatforms) = preSolution
		Debug|Any CPU = Debug|Any CPU
		Release|Any CPU = Release|Any CPU
	EndGlobalSection
	GlobalSection(ProjectConfigurationPlatforms) = postSolution
		{F76EDD43-FD8E-433C-95DF-5EFCA4DFA9C3}.Debug|Any CPU.ActiveCfg = Debug|Any CPU
		{F76EDD43-FD8E-433C-95DF-5EFCA4DFA9C3}.Debug|Any CPU.Build.0 = Debug|Any CPU
		{F76EDD43-FD8E-433C-95DF-5EFCA4DFA9C3}.Release|Any CPU.ActiveCfg = Release|Any CPU
		{F76EDD43-FD8E-433C-95DF-5EFCA4DFA9C3}.Release|Any CPU.Build.0 = Release|Any CPU
		{33CDB735-D100-464E-8A9A-FE16FE44E8AF}.Debug|Any CPU.ActiveCfg = Debug|Any CPU
		{33CDB735-D100-464E-8A9A-FE16FE44E8AF}.Debug|Any CPU.Build.0 = Debug|Any CPU
		{33CDB735-D100-464E-8A9A-FE16FE44E8AF}.Release|Any CPU.ActiveCfg = Release|Any CPU
		{33CDB735-D100-464E-8A9A-FE16FE44E8AF}.Release|Any CPU.Build.0 = Release|Any CPU
		{EDC4170D-E8EA-4F1A-834C-1D572CE0AF15}.Debug|Any CPU.ActiveCfg = Debug|Any CPU
		{EDC4170D-E8EA-4F1A-834C-1D572CE0AF15}.Debug|Any CPU.Build.0 = Debug|Any CPU
		{EDC4170D-E8EA-4F1A-834C-1D572CE0AF15}.Release|Any CPU.ActiveCfg = Release|Any CPU
		{EDC4170D-E8EA-4F1A-834C-1D572CE0AF15}.Release|Any CPU.Build.0 = Release|Any CPU
		{0B6A7D62-EC10-4D31-995E-BEC99BD3EDAB}.Debug|Any CPU.ActiveCfg = Debug|Any CPU
		{0B6A7D62-EC10-4D31-995E-BEC99BD3EDAB}.Debug|Any CPU.Build.0 = Debug|Any CPU
		{0B6A7D62-EC10-4D31-995E-BEC99BD3EDAB}.Release|Any CPU.ActiveCfg = Release|Any CPU
		{0B6A7D62-EC10-4D31-995E-BEC99BD3EDAB}.Release|Any CPU.Build.0 = Release|Any CPU
	EndGlobalSection
	GlobalSection(SolutionProperties) = preSolution
		HideSolutionNode = FALSE
	EndGlobalSection
	GlobalSection(ExtensibilityGlobals) = postSolution
		SolutionGuid = {27B99BEA-0A4D-4AD7-AF01-1791184FD446}
	EndGlobalSection
	GlobalSection(MonoDevelopProperties) = preSolution
		Policies = $0
		$0.DotNetNamingPolicy = $1
		$1.DirectoryNamespaceAssociation = PrefixedHierarchical
	EndGlobalSection
EndGlobal
